{
  "originHash" : "38acd474d9c93a2abfff6b116472c1ddb49f1d4663c549ba089fa664e0f707ff",
  "pins" : [
    {
      "identity" : "swift-log",
      "kind" : "remoteSourceControl",
      "location" : "https://github.com/apple/swift-log",
      "state" : {
        "revision" : "9c6fb14227f55d8f711ce3847dc2f419fb0ecacb",
        "version" : "1.15.1"
      }
    },
    {
      "identity" : "yubikit-swift",
      "kind" : "remoteSourceControl",
      "location" : "https://github.com/Yubico/yubikit-swift",
      "state" : {
        "revision" : "e19212f2efbca9af280e57542e669885de5acdc1",
        "version" : "1.4.0"
      }
    }
  ],
  "version" : 3
}
